lockfileVersion: 5.3

specifiers:
  '@vuelidate/validators': ^2.0.0-alpha.29
  typescript: ^4.6.4

dependencies:
  '@vuelidate/validators': 2.0.0-alpha.29

devDependencies:
  typescript: 4.6.4

packages:

  /@vuelidate/validators/2.0.0-alpha.29:
    resolution: {integrity: sha512-azVc2Fwx0umgJjVatzDwnVEdEGNhEdUISQKcLwTDJuNUFS9n1CUqMzfNW+CCTw1Wp8RwYiDS9/qKnEZs4ubF5w==}
    dependencies:
      vue-demi: 0.12.5
    transitivePeerDependencies:
      - '@vue/composition-api'
      - vue
    dev: false

  /typescript/4.6.4:
    resolution: {integrity: sha512-9ia/jWHIEbo49HfjrLGfKbZSuWo9iTMwXO+Ca3pRsSpbsMbc7/IU8NKdCZVRRBafVPGnoJeFL76ZOAA84I9fEg==}
    engines: {node: '>=4.2.0'}
    hasBin: true
    dev: true

  /vue-demi/0.12.5:
    resolution: {integrity: sha512-BREuTgTYlUr0zw0EZn3hnhC3I6gPWv+Kwh4MCih6QcAeaTlaIX0DwOVN0wHej7hSvDPecz4jygy/idsgKfW58Q==}
    engines: {node: '>=12'}
    hasBin: true
    requiresBuild: true
    peerDependencies:
      '@vue/composition-api': ^1.0.0-rc.1
      vue: ^3.0.0-0 || ^2.6.0
    peerDependenciesMeta:
      '@vue/composition-api':
        optional: true
    dev: false
